// !$*UTF8*$!
{
	archiveVersion = 1;
	classes = {
	};
	objectVersion = 46;
	objects = {

/* Begin PBXAggregateTarget section */
		6F4DEFB91CEA597700E464EB /* Ubergang-Universal */ = {
			isa = PBXAggregateTarget;
			buildConfigurationList = 6F4DEFBC1CEA597700E464EB /* Build configuration list for PBXAggregateTarget "Ubergang-Universal" */;
			buildPhases = (
				6F4DEFBD1CEA599900E464EB /* ShellScript */,
			);
			dependencies = (
			);
			name = "Ubergang-Universal";
			productName = "Ubergang-Universal";
		};
/* End PBXAggregateTarget section */

/* Begin PBXBuildFile section */
		6F32B1D21D33FF1E00623CD5 /* UTweenSetup.swift in Sources */ = {isa = PBXBuildFile; fileRef = 6F32B1D11D33FF1E00623CD5 /* UTweenSetup.swift */; };
		6F32B1FB1D3D54E900623CD5 /* UTweenLoggable.swift in Sources */ = {isa = PBXBuildFile; fileRef = 6F32B1FA1D3D54E900623CD5 /* UTweenLoggable.swift */; };
		6F32B1FF1D3FE55900623CD5 /* CGPointTween.swift in Sources */ = {isa = PBXBuildFile; fileRef = 6F32B1FE1D3FE55900623CD5 /* CGPointTween.swift */; };
		6F3433B11D32A52100BC495B /* Engine.swift in Sources */ = {isa = PBXBuildFile; fileRef = 6F3433A51D32A52100BC495B /* Engine.swift */; };
		6F3433B21D32A52100BC495B /* Timer.swift in Sources */ = {isa = PBXBuildFile; fileRef = 6F3433A61D32A52100BC495B /* Timer.swift */; };
		6F3433B41D32A52100BC495B /* BezierPathTween.swift in Sources */ = {isa = PBXBuildFile; fileRef = 6F3433A91D32A52100BC495B /* BezierPathTween.swift */; };
		6F3433B51D32A52100BC495B /* ColorTween.swift in Sources */ = {isa = PBXBuildFile; fileRef = 6F3433AA1D32A52100BC495B /* ColorTween.swift */; };
		6F3433B61D32A52100BC495B /* NumericTween.swift in Sources */ = {isa = PBXBuildFile; fileRef = 6F3433AB1D32A52100BC495B /* NumericTween.swift */; };
		6F3433B71D32A52100BC495B /* TransformTween.swift in Sources */ = {isa = PBXBuildFile; fileRef = 6F3433AC1D32A52100BC495B /* TransformTween.swift */; };
		6F3433B81D32A52100BC495B /* UTimeline.swift in Sources */ = {isa = PBXBuildFile; fileRef = 6F3433AD1D32A52100BC495B /* UTimeline.swift */; };
		6F3433B91D32A52100BC495B /* UTween.h in Headers */ = {isa = PBXBuildFile; fileRef = 6F3433AE1D32A52100BC495B /* UTween.h */; };
		6F3433BA1D32A52100BC495B /* UTween.swift in Sources */ = {isa = PBXBuildFile; fileRef = 6F3433AF1D32A52100BC495B /* UTween.swift */; };
		6F3433BB1D32A52100BC495B /* UTweenBase.swift in Sources */ = {isa = PBXBuildFile; fileRef = 6F3433B01D32A52100BC495B /* UTweenBase.swift */; };
		6F4DC1721CBA481800EF6B4D /* WeaklyLoopable.swift in Sources */ = {isa = PBXBuildFile; fileRef = 6F4DC1711CBA481800EF6B4D /* WeaklyLoopable.swift */; };
		6F4DC1741CBA483800EF6B4D /* TweenDirection.swift in Sources */ = {isa = PBXBuildFile; fileRef = 6F4DC1731CBA483800EF6B4D /* TweenDirection.swift */; };
		6F4DEFB01CE8852F00E464EB /* Math.swift in Sources */ = {isa = PBXBuildFile; fileRef = 6F4DEFAF1CE8852F00E464EB /* Math.swift */; };
		6F4DEFB21CE8CD3F00E464EB /* Linear.swift in Sources */ = {isa = PBXBuildFile; fileRef = 6F4DEFB11CE8CD3F00E464EB /* Linear.swift */; };
		6F4DEFC61CEA5B9900E464EB /* Back.swift in Sources */ = {isa = PBXBuildFile; fileRef = 6F4DEFBE1CEA5B9900E464EB /* Back.swift */; };
		6F4DEFC71CEA5B9900E464EB /* Bounce.swift in Sources */ = {isa = PBXBuildFile; fileRef = 6F4DEFBF1CEA5B9900E464EB /* Bounce.swift */; };
		6F4DEFC81CEA5B9900E464EB /* Circ.swift in Sources */ = {isa = PBXBuildFile; fileRef = 6F4DEFC01CEA5B9900E464EB /* Circ.swift */; };
		6F4DEFC91CEA5B9900E464EB /* Expo.swift in Sources */ = {isa = PBXBuildFile; fileRef = 6F4DEFC11CEA5B9900E464EB /* Expo.swift */; };
		6F4DEFCA1CEA5B9900E464EB /* Quad.swift in Sources */ = {isa = PBXBuildFile; fileRef = 6F4DEFC21CEA5B9900E464EB /* Quad.swift */; };
		6F4DEFCB1CEA5B9900E464EB /* Quart.swift in Sources */ = {isa = PBXBuildFile; fileRef = 6F4DEFC31CEA5B9900E464EB /* Quart.swift */; };
		6F4DEFCC1CEA5B9900E464EB /* Quint.swift in Sources */ = {isa = PBXBuildFile; fileRef = 6F4DEFC41CEA5B9900E464EB /* Quint.swift */; };
		6F4DEFCD1CEA5B9900E464EB /* Sine.swift in Sources */ = {isa = PBXBuildFile; fileRef = 6F4DEFC51CEA5B9900E464EB /* Sine.swift */; };
		6F4DEFD31CEBA20A00E464EB /* Bezier.swift in Sources */ = {isa = PBXBuildFile; fileRef = 6F4DEFD21CEBA20A00E464EB /* Bezier.swift */; };
		6F4DEFDA1CEE581C00E464EB /* CGPath.swift in Sources */ = {isa = PBXBuildFile; fileRef = 6F4DEFD91CEE581C00E464EB /* CGPath.swift */; };
		6F4DEFDE1CF3962F00E464EB /* UIBezierPath+Interpolation.m in Sources */ = {isa = PBXBuildFile; fileRef = 6F4DEFDD1CF3962F00E464EB /* UIBezierPath+Interpolation.m */; };
		6F4DEFE01CF3964B00E464EB /* UIBezierPath+Interpolation.h in Headers */ = {isa = PBXBuildFile; fileRef = 6F4DEFDF1CF3964B00E464EB /* UIBezierPath+Interpolation.h */; settings = {ATTRIBUTES = (Public, ); }; };
		6F4DEFE31CF396AE00E464EB /* CGPointExtension.h in Headers */ = {isa = PBXBuildFile; fileRef = 6F4DEFE11CF396AE00E464EB /* CGPointExtension.h */; settings = {ATTRIBUTES = (Public, ); }; };
		6F4DEFE41CF396AE00E464EB /* CGPointExtension.m in Sources */ = {isa = PBXBuildFile; fileRef = 6F4DEFE21CF396AE00E464EB /* CGPointExtension.m */; };
		6F567BBF1CB1932200222006 /* TweenMemoryReference.swift in Sources */ = {isa = PBXBuildFile; fileRef = 6F567BAF1CB1932200222006 /* TweenMemoryReference.swift */; };
		6F567BC01CB1932200222006 /* TweenOptions.swift in Sources */ = {isa = PBXBuildFile; fileRef = 6F567BB01CB1932200222006 /* TweenOptions.swift */; };
		6F567BC11CB1932200222006 /* Cubic.swift in Sources */ = {isa = PBXBuildFile; fileRef = 6F567BB21CB1932200222006 /* Cubic.swift */; };
		6F567BC21CB1932200222006 /* Ease.swift in Sources */ = {isa = PBXBuildFile; fileRef = 6F567BB31CB1932200222006 /* Ease.swift */; };
		6F567BC31CB1932200222006 /* Elastic.swift in Sources */ = {isa = PBXBuildFile; fileRef = 6F567BB41CB1932200222006 /* Elastic.swift */; };
		6F567BC91CB1932200222006 /* Numeric.swift in Sources */ = {isa = PBXBuildFile; fileRef = 6F567BBB1CB1932200222006 /* Numeric.swift */; };
		6F8A22DC1CB2DADC0035D78A /* UTweenBuilder.swift in Sources */ = {isa = PBXBuildFile; fileRef = 6F8A22DB1CB2DADC0035D78A /* UTweenBuilder.swift */; };
		6F8A22FE1CB4477D0035D78A /* Tweenable.swift in Sources */ = {isa = PBXBuildFile; fileRef = 6F8A22FD1CB4477D0035D78A /* Tweenable.swift */; };
/* End PBXBuildFile section */

/* Begin PBXFileReference section */
		6F1BA2191F36FBDB00219225 /* TypeTweenable.swift */ = {isa = PBXFileReference; lastKnownFileType = sourcecode.swift; path = TypeTweenable.swift; sourceTree = "<group>"; };
		6F32B1D11D33FF1E00623CD5 /* UTweenSetup.swift */ = {isa = PBXFileReference; fileEncoding = 4; lastKnownFileType = sourcecode.swift; path = UTweenSetup.swift; sourceTree = "<group>"; };
		6F32B1FA1D3D54E900623CD5 /* UTweenLoggable.swift */ = {isa = PBXFileReference; fileEncoding = 4; lastKnownFileType = sourcecode.swift; path = UTweenLoggable.swift; sourceTree = "<group>"; };
		6F32B1FE1D3FE55900623CD5 /* CGPointTween.swift */ = {isa = PBXFileReference; fileEncoding = 4; lastKnownFileType = sourcecode.swift; path = CGPointTween.swift; sourceTree = "<group>"; };
		6F3433A51D32A52100BC495B /* Engine.swift */ = {isa = PBXFileReference; fileEncoding = 4; lastKnownFileType = sourcecode.swift; path = Engine.swift; sourceTree = "<group>"; };
		6F3433A61D32A52100BC495B /* Timer.swift */ = {isa = PBXFileReference; fileEncoding = 4; lastKnownFileType = sourcecode.swift; path = Timer.swift; sourceTree = "<group>"; };
		6F3433A91D32A52100BC495B /* BezierPathTween.swift */ = {isa = PBXFileReference; fileEncoding = 4; lastKnownFileType = sourcecode.swift; path = BezierPathTween.swift; sourceTree = "<group>"; };
		6F3433AA1D32A52100BC495B /* ColorTween.swift */ = {isa = PBXFileReference; fileEncoding = 4; lastKnownFileType = sourcecode.swift; path = ColorTween.swift; sourceTree = "<group>"; };
		6F3433AB1D32A52100BC495B /* NumericTween.swift */ = {isa = PBXFileReference; fileEncoding = 4; lastKnownFileType = sourcecode.swift; path = NumericTween.swift; sourceTree = "<group>"; };
		6F3433AC1D32A52100BC495B /* TransformTween.swift */ = {isa = PBXFileReference; fileEncoding = 4; lastKnownFileType = sourcecode.swift; path = TransformTween.swift; sourceTree = "<group>"; };
		6F3433AD1D32A52100BC495B /* UTimeline.swift */ = {isa = PBXFileReference; fileEncoding = 4; lastKnownFileType = sourcecode.swift; path = UTimeline.swift; sourceTree = "<group>"; };
		6F3433AE1D32A52100BC495B /* UTween.h */ = {isa = PBXFileReference; fileEncoding = 4; lastKnownFileType = sourcecode.c.h; path = UTween.h; sourceTree = "<group>"; };
		6F3433AF1D32A52100BC495B /* UTween.swift */ = {isa = PBXFileReference; fileEncoding = 4; lastKnownFileType = sourcecode.swift; path = UTween.swift; sourceTree = "<group>"; };
		6F3433B01D32A52100BC495B /* UTweenBase.swift */ = {isa = PBXFileReference; fileEncoding = 4; lastKnownFileType = sourcecode.swift; path = UTweenBase.swift; sourceTree = "<group>"; };
		6F4DC1711CBA481800EF6B4D /* WeaklyLoopable.swift */ = {isa = PBXFileReference; fileEncoding = 4; lastKnownFileType = sourcecode.swift; path = WeaklyLoopable.swift; sourceTree = "<group>"; };
		6F4DC1731CBA483800EF6B4D /* TweenDirection.swift */ = {isa = PBXFileReference; fileEncoding = 4; lastKnownFileType = sourcecode.swift; path = TweenDirection.swift; sourceTree = "<group>"; };
		6F4DEFAF1CE8852F00E464EB /* Math.swift */ = {isa = PBXFileReference; fileEncoding = 4; lastKnownFileType = sourcecode.swift; path = Math.swift; sourceTree = "<group>"; };
		6F4DEFB11CE8CD3F00E464EB /* Linear.swift */ = {isa = PBXFileReference; fileEncoding = 4; lastKnownFileType = sourcecode.swift; path = Linear.swift; sourceTree = "<group>"; };
		6F4DEFBE1CEA5B9900E464EB /* Back.swift */ = {isa = PBXFileReference; fileEncoding = 4; lastKnownFileType = sourcecode.swift; path = Back.swift; sourceTree = "<group>"; };
		6F4DEFBF1CEA5B9900E464EB /* Bounce.swift */ = {isa = PBXFileReference; fileEncoding = 4; lastKnownFileType = sourcecode.swift; path = Bounce.swift; sourceTree = "<group>"; };
		6F4DEFC01CEA5B9900E464EB /* Circ.swift */ = {isa = PBXFileReference; fileEncoding = 4; lastKnownFileType = sourcecode.swift; path = Circ.swift; sourceTree = "<group>"; };
		6F4DEFC11CEA5B9900E464EB /* Expo.swift */ = {isa = PBXFileReference; fileEncoding = 4; lastKnownFileType = sourcecode.swift; path = Expo.swift; sourceTree = "<group>"; };
		6F4DEFC21CEA5B9900E464EB /* Quad.swift */ = {isa = PBXFileReference; fileEncoding = 4; lastKnownFileType = sourcecode.swift; path = Quad.swift; sourceTree = "<group>"; };
		6F4DEFC31CEA5B9900E464EB /* Quart.swift */ = {isa = PBXFileReference; fileEncoding = 4; lastKnownFileType = sourcecode.swift; path = Quart.swift; sourceTree = "<group>"; };
		6F4DEFC41CEA5B9900E464EB /* Quint.swift */ = {isa = PBXFileReference; fileEncoding = 4; lastKnownFileType = sourcecode.swift; path = Quint.swift; sourceTree = "<group>"; };
		6F4DEFC51CEA5B9900E464EB /* Sine.swift */ = {isa = PBXFileReference; fileEncoding = 4; lastKnownFileType = sourcecode.swift; path = Sine.swift; sourceTree = "<group>"; };
		6F4DEFD21CEBA20A00E464EB /* Bezier.swift */ = {isa = PBXFileReference; fileEncoding = 4; lastKnownFileType = sourcecode.swift; path = Bezier.swift; sourceTree = "<group>"; };
		6F4DEFD91CEE581C00E464EB /* CGPath.swift */ = {isa = PBXFileReference; fileEncoding = 4; lastKnownFileType = sourcecode.swift; path = CGPath.swift; sourceTree = "<group>"; };
		6F4DEFDD1CF3962F00E464EB /* UIBezierPath+Interpolation.m */ = {isa = PBXFileReference; fileEncoding = 4; lastKnownFileType = sourcecode.c.objc; path = "UIBezierPath+Interpolation.m"; sourceTree = "<group>"; };
		6F4DEFDF1CF3964B00E464EB /* UIBezierPath+Interpolation.h */ = {isa = PBXFileReference; fileEncoding = 4; lastKnownFileType = sourcecode.c.h; path = "UIBezierPath+Interpolation.h"; sourceTree = "<group>"; };
		6F4DEFE11CF396AE00E464EB /* CGPointExtension.h */ = {isa = PBXFileReference; fileEncoding = 4; lastKnownFileType = sourcecode.c.h; path = CGPointExtension.h; sourceTree = "<group>"; };
		6F4DEFE21CF396AE00E464EB /* CGPointExtension.m */ = {isa = PBXFileReference; fileEncoding = 4; lastKnownFileType = sourcecode.c.objc; path = CGPointExtension.m; sourceTree = "<group>"; };
		6F567BAF1CB1932200222006 /* TweenMemoryReference.swift */ = {isa = PBXFileReference; fileEncoding = 4; lastKnownFileType = sourcecode.swift; path = TweenMemoryReference.swift; sourceTree = "<group>"; };
		6F567BB01CB1932200222006 /* TweenOptions.swift */ = {isa = PBXFileReference; fileEncoding = 4; lastKnownFileType = sourcecode.swift; path = TweenOptions.swift; sourceTree = "<group>"; };
		6F567BB21CB1932200222006 /* Cubic.swift */ = {isa = PBXFileReference; fileEncoding = 4; lastKnownFileType = sourcecode.swift; path = Cubic.swift; sourceTree = "<group>"; };
		6F567BB31CB1932200222006 /* Ease.swift */ = {isa = PBXFileReference; fileEncoding = 4; lastKnownFileType = sourcecode.swift; path = Ease.swift; sourceTree = "<group>"; };
		6F567BB41CB1932200222006 /* Elastic.swift */ = {isa = PBXFileReference; fileEncoding = 4; lastKnownFileType = sourcecode.swift; path = Elastic.swift; sourceTree = "<group>"; };
		6F567BB81CB1932200222006 /* Info.plist */ = {isa = PBXFileReference; fileEncoding = 4; lastKnownFileType = text.plist.xml; path = Info.plist; sourceTree = "<group>"; };
		6F567BBB1CB1932200222006 /* Numeric.swift */ = {isa = PBXFileReference; fileEncoding = 4; lastKnownFileType = sourcecode.swift; path = Numeric.swift; sourceTree = "<group>"; };
		6F8A22DB1CB2DADC0035D78A /* UTweenBuilder.swift */ = {isa = PBXFileReference; fileEncoding = 4; lastKnownFileType = sourcecode.swift; path = UTweenBuilder.swift; sourceTree = "<group>"; };
		6F8A22FD1CB4477D0035D78A /* Tweenable.swift */ = {isa = PBXFileReference; fileEncoding = 4; lastKnownFileType = sourcecode.swift; path = Tweenable.swift; sourceTree = "<group>"; };
		6FAD4FDB1C9DAD9800291A9D /* Ubergang.framework */ = {isa = PBXFileReference; explicitFileType = wrapper.framework; includeInIndex = 0; path = Ubergang.framework; sourceTree = BUILT_PRODUCTS_DIR; };
/* End PBXFileReference section */

/* Begin PBXFrameworksBuildPhase section */
		6FAD4FD71C9DAD9800291A9D /* Frameworks */ = {
			isa = PBXFrameworksBuildPhase;
			buildActionMask = 2147483647;
			files = (
			);
			runOnlyForDeploymentPostprocessing = 0;
		};
/* End PBXFrameworksBuildPhase section */

/* Begin PBXGroup section */
		6F3433A41D32A52100BC495B /* Core */ = {
			isa = PBXGroup;
			children = (
				6F3433A51D32A52100BC495B /* Engine.swift */,
				6F3433A61D32A52100BC495B /* Timer.swift */,
				6F32B1D11D33FF1E00623CD5 /* UTweenSetup.swift */,
			);
			path = Core;
			sourceTree = "<group>";
		};
		6F3433A81D32A52100BC495B /* Tween */ = {
			isa = PBXGroup;
			children = (
				6F32B1FE1D3FE55900623CD5 /* CGPointTween.swift */,
				6F3433A91D32A52100BC495B /* BezierPathTween.swift */,
				6F3433AA1D32A52100BC495B /* ColorTween.swift */,
				6F3433AB1D32A52100BC495B /* NumericTween.swift */,
				6F3433AC1D32A52100BC495B /* TransformTween.swift */,
				6F3433AD1D32A52100BC495B /* UTimeline.swift */,
				6F3433AE1D32A52100BC495B /* UTween.h */,
				6F3433AF1D32A52100BC495B /* UTween.swift */,
				6F3433B01D32A52100BC495B /* UTweenBase.swift */,
			);
			path = Tween;
			sourceTree = "<group>";
		};
		6F4DEFAE1CE8852300E464EB /* Util */ = {
			isa = PBXGroup;
			children = (
				6F4DEFAF1CE8852F00E464EB /* Math.swift */,
				6F4DEFD21CEBA20A00E464EB /* Bezier.swift */,
			);
			path = Util;
			sourceTree = "<group>";
		};
		6F4DEFD81CEE57FC00E464EB /* Extension */ = {
			isa = PBXGroup;
			children = (
				6F4DEFD91CEE581C00E464EB /* CGPath.swift */,
				6F4DEFE11CF396AE00E464EB /* CGPointExtension.h */,
				6F4DEFE21CF396AE00E464EB /* CGPointExtension.m */,
				6F4DEFDF1CF3964B00E464EB /* UIBezierPath+Interpolation.h */,
				6F4DEFDD1CF3962F00E464EB /* UIBezierPath+Interpolation.m */,
			);
			path = Extension;
			sourceTree = "<group>";
		};
		6F567BAD1CB1932200222006 /* Ubergang */ = {
			isa = PBXGroup;
			children = (
				6F3433A41D32A52100BC495B /* Core */,
				6F3433A81D32A52100BC495B /* Tween */,
				6F4DEFD81CEE57FC00E464EB /* Extension */,
				6F567BAE1CB1932200222006 /* Data */,
				6F567BB11CB1932200222006 /* Ease */,
				6F567BBA1CB1932200222006 /* Protocols */,
				6F8A22DB1CB2DADC0035D78A /* UTweenBuilder.swift */,
				6F567BB81CB1932200222006 /* Info.plist */,
				6F4DEFAE1CE8852300E464EB /* Util */,
			);
			path = Ubergang;
			sourceTree = "<group>";
		};
		6F567BAE1CB1932200222006 /* Data */ = {
			isa = PBXGroup;
			children = (
				6F567BAF1CB1932200222006 /* TweenMemoryReference.swift */,
				6F567BB01CB1932200222006 /* TweenOptions.swift */,
				6F4DC1731CBA483800EF6B4D /* TweenDirection.swift */,
			);
			path = Data;
			sourceTree = "<group>";
		};
		6F567BB11CB1932200222006 /* Ease */ = {
			isa = PBXGroup;
			children = (
				6F4DEFBE1CEA5B9900E464EB /* Back.swift */,
				6F4DEFBF1CEA5B9900E464EB /* Bounce.swift */,
				6F4DEFC01CEA5B9900E464EB /* Circ.swift */,
				6F4DEFC11CEA5B9900E464EB /* Expo.swift */,
				6F4DEFC21CEA5B9900E464EB /* Quad.swift */,
				6F4DEFC31CEA5B9900E464EB /* Quart.swift */,
				6F4DEFC41CEA5B9900E464EB /* Quint.swift */,
				6F4DEFC51CEA5B9900E464EB /* Sine.swift */,
				6F4DEFB11CE8CD3F00E464EB /* Linear.swift */,
				6F567BB21CB1932200222006 /* Cubic.swift */,
				6F567BB31CB1932200222006 /* Ease.swift */,
				6F567BB41CB1932200222006 /* Elastic.swift */,
			);
			path = Ease;
			sourceTree = "<group>";
		};
		6F567BBA1CB1932200222006 /* Protocols */ = {
			isa = PBXGroup;
			children = (
				6F1BA2191F36FBDB00219225 /* TypeTweenable.swift */,
				6F567BBB1CB1932200222006 /* Numeric.swift */,
				6F8A22FD1CB4477D0035D78A /* Tweenable.swift */,
				6F4DC1711CBA481800EF6B4D /* WeaklyLoopable.swift */,
				6F32B1FA1D3D54E900623CD5 /* UTweenLoggable.swift */,
			);
			path = Protocols;
			sourceTree = "<group>";
		};
		6FAD4FD11C9DAD9800291A9D = {
			isa = PBXGroup;
			children = (
				6F567BAD1CB1932200222006 /* Ubergang */,
				6FAD4FDC1C9DAD9800291A9D /* Products */,
			);
			sourceTree = "<group>";
		};
		6FAD4FDC1C9DAD9800291A9D /* Products */ = {
			isa = PBXGroup;
			children = (
				6FAD4FDB1C9DAD9800291A9D /* Ubergang.framework */,
			);
			name = Products;
			sourceTree = "<group>";
		};
/* End PBXGroup section */

/* Begin PBXHeadersBuildPhase section */
		6FAD4FD81C9DAD9800291A9D /* Headers */ = {
			isa = PBXHeadersBuildPhase;
			buildActionMask = 2147483647;
			files = (
				6F4DEFE31CF396AE00E464EB /* CGPointExtension.h in Headers */,
				6F3433B91D32A52100BC495B /* UTween.h in Headers */,
				6F4DEFE01CF3964B00E464EB /* UIBezierPath+Interpolation.h in Headers */,
			);
			runOnlyForDeploymentPostprocessing = 0;
		};
/* End PBXHeadersBuildPhase section */

/* Begin PBXNativeTarget section */
		6FAD4FDA1C9DAD9800291A9D /* Ubergang */ = {
			isa = PBXNativeTarget;
			buildConfigurationList = 6FAD4FE31C9DAD9800291A9D /* Build configuration list for PBXNativeTarget "Ubergang" */;
			buildPhases = (
				6FAD4FD61C9DAD9800291A9D /* Sources */,
				6FAD4FD71C9DAD9800291A9D /* Frameworks */,
				6FAD4FD81C9DAD9800291A9D /* Headers */,
				6FAD4FD91C9DAD9800291A9D /* Resources */,
			);
			buildRules = (
			);
			dependencies = (
			);
			name = Ubergang;
			productName = EasternYellowTween;
			productReference = 6FAD4FDB1C9DAD9800291A9D /* Ubergang.framework */;
			productType = "com.apple.product-type.framework";
		};
/* End PBXNativeTarget section */

/* Begin PBXProject section */
		6FAD4FD21C9DAD9800291A9D /* Project object */ = {
			isa = PBXProject;
			attributes = {
				LastSwiftUpdateCheck = 0730;
				LastUpgradeCheck = 0730;
				ORGANIZATIONNAME = "Robin Falko";
				TargetAttributes = {
					6F4DEFB91CEA597700E464EB = {
						CreatedOnToolsVersion = 7.3;
					};
					6FAD4FDA1C9DAD9800291A9D = {
						CreatedOnToolsVersion = 7.2;
						LastSwiftMigration = 0800;
					};
				};
			};
			buildConfigurationList = 6FAD4FD51C9DAD9800291A9D /* Build configuration list for PBXProject "Ubergang" */;
			compatibilityVersion = "Xcode 3.2";
			developmentRegion = English;
			hasScannedForEncodings = 0;
			knownRegions = (
				en,
			);
			mainGroup = 6FAD4FD11C9DAD9800291A9D;
			productRefGroup = 6FAD4FDC1C9DAD9800291A9D /* Products */;
			projectDirPath = "";
			projectRoot = "";
			targets = (
				6FAD4FDA1C9DAD9800291A9D /* Ubergang */,
				6F4DEFB91CEA597700E464EB /* Ubergang-Universal */,
			);
		};
/* End PBXProject section */

/* Begin PBXResourcesBuildPhase section */
		6FAD4FD91C9DAD9800291A9D /* Resources */ = {
			isa = PBXResourcesBuildPhase;
			buildActionMask = 2147483647;
			files = (
			);
			runOnlyForDeploymentPostprocessing = 0;
		};
/* End PBXResourcesBuildPhase section */

/* Begin PBXShellScriptBuildPhase section */
		6F4DEFBD1CEA599900E464EB /* ShellScript */ = {
			isa = PBXShellScriptBuildPhase;
			buildActionMask = 2147483647;
			files = (
			);
			inputPaths = (
			);
			outputPaths = (
			);
			runOnlyForDeploymentPostprocessing = 0;
			shellPath = /bin/sh;
			shellScript = "######################\n# Options\n######################\n\nREVEAL_ARCHIVE_IN_FINDER=false\n\nFRAMEWORK_NAME=\"${PROJECT_NAME}\"\n\nSIMULATOR_LIBRARY_PATH=\"${BUILD_DIR}/${CONFIGURATION}-iphonesimulator/${FRAMEWORK_NAME}.framework\"\n\nDEVICE_LIBRARY_PATH=\"${BUILD_DIR}/${CONFIGURATION}-iphoneos/${FRAMEWORK_NAME}.framework\"\n\nUNIVERSAL_LIBRARY_DIR=\"${BUILD_DIR}/${CONFIGURATION}-iphoneuniversal\"\n\nFRAMEWORK=\"${UNIVERSAL_LIBRARY_DIR}/${FRAMEWORK_NAME}.framework\"\n\n\n######################\n# Build Frameworks\n######################\n\nxcodebuild -workspace ${PROJECT_NAME}.xcworkspace -scheme ${PROJECT_NAME} -sdk iphonesimulator -configuration ${CONFIGURATION} clean build CONFIGURATION_BUILD_DIR=${BUILD_DIR}/${CONFIGURATION}-iphonesimulator 2>&1\n\nxcodebuild -workspace ${PROJECT_NAME}.xcworkspace -scheme ${PROJECT_NAME} -sdk iphoneos -configuration ${CONFIGURATION} clean build CONFIGURATION_BUILD_DIR=${BUILD_DIR}/${CONFIGURATION}-iphoneos 2>&1\n\n######################\n# Create directory for universal\n######################\n\nrm -rf \"${UNIVERSAL_LIBRARY_DIR}\"\n\nmkdir \"${UNIVERSAL_LIBRARY_DIR}\"\n\nmkdir \"${FRAMEWORK}\"\n\n\n######################\n# Copy files Framework\n######################\n\ncp -r \"${DEVICE_LIBRARY_PATH}/.\" \"${FRAMEWORK}\"\n\n######################\n# Make an universal binary\n######################\n\nlipo \"${SIMULATOR_LIBRARY_PATH}/${FRAMEWORK_NAME}\" \"${DEVICE_LIBRARY_PATH}/${FRAMEWORK_NAME}\" -create -output \"${FRAMEWORK}/${FRAMEWORK_NAME}\" | echo\n\n# For Swift framework, Swiftmodule needs to be copied in the universal framework\nif [ -d \"${SIMULATOR_LIBRARY_PATH}/Modules/${FRAMEWORK_NAME}.swiftmodule/\" ]; then\ncp -f ${SIMULATOR_LIBRARY_PATH}/Modules/${FRAMEWORK_NAME}.swiftmodule/* \"${FRAMEWORK}/Modules/${FRAMEWORK_NAME}.swiftmodule/\" | echo\n                                                                      fi\n                                                                      \n                                                                      if [ -d \"${DEVICE_LIBRARY_PATH}/Modules/${FRAMEWORK_NAME}.swiftmodule/\" ]; then\n                                                                      cp -f ${DEVICE_LIBRARY_PATH}/Modules/${FRAMEWORK_NAME}.swiftmodule/* \"${FRAMEWORK}/Modules/${FRAMEWORK_NAME}.swiftmodule/\" | echo\n                                                                      fi\n                                                                      \n                                                                      ######################\n                                                                      # On Release, copy the result to release directory\n                                                                      ######################\n                                                                      OUTPUT_DIR=\"${PROJECT_DIR}/Output/${FRAMEWORK_NAME}-${CONFIGURATION}-iphoneuniversal/\"\n                                                                      \n                                                                      rm -rf \"$OUTPUT_DIR\"\n                                                                      mkdir -p \"$OUTPUT_DIR\"\n                                                                      \n                                                                      cp -r \"${FRAMEWORK}\" \"$OUTPUT_DIR\"\n                                                                      \n                                                                      if [ ${REVEAL_ARCHIVE_IN_FINDER} = true ]; then\n                                                                      open \"${OUTPUT_DIR}/\"\n                                                                      fi";
		};
/* End PBXShellScriptBuildPhase section */

/* Begin PBXSourcesBuildPhase section */
		6FAD4FD61C9DAD9800291A9D /* Sources */ = {
			isa = PBXSourcesBuildPhase;
			buildActionMask = 2147483647;
			files = (
				6F3433B51D32A52100BC495B /* ColorTween.swift in Sources */,
				6F3433BA1D32A52100BC495B /* UTween.swift in Sources */,
				6F4DEFC91CEA5B9900E464EB /* Expo.swift in Sources */,
				6F32B1FF1D3FE55900623CD5 /* CGPointTween.swift in Sources */,
				6F4DEFCA1CEA5B9900E464EB /* Quad.swift in Sources */,
				6F567BC01CB1932200222006 /* TweenOptions.swift in Sources */,
				6F4DEFB01CE8852F00E464EB /* Math.swift in Sources */,
				6F4DC1741CBA483800EF6B4D /* TweenDirection.swift in Sources */,
				6F567BC11CB1932200222006 /* Cubic.swift in Sources */,
				6F4DEFE41CF396AE00E464EB /* CGPointExtension.m in Sources */,
				6F4DEFCD1CEA5B9900E464EB /* Sine.swift in Sources */,
				6F8A22DC1CB2DADC0035D78A /* UTweenBuilder.swift in Sources */,
				6F567BC91CB1932200222006 /* Numeric.swift in Sources */,
				6F4DEFCB1CEA5B9900E464EB /* Quart.swift in Sources */,
				6F3433B61D32A52100BC495B /* NumericTween.swift in Sources */,
				6F4DC1721CBA481800EF6B4D /* WeaklyLoopable.swift in Sources */,
				6F4DEFCC1CEA5B9900E464EB /* Quint.swift in Sources */,
				6F567BBF1CB1932200222006 /* TweenMemoryReference.swift in Sources */,
				6F3433BB1D32A52100BC495B /* UTweenBase.swift in Sources */,
				6F32B1D21D33FF1E00623CD5 /* UTweenSetup.swift in Sources */,
				6F32B1FB1D3D54E900623CD5 /* UTweenLoggable.swift in Sources */,
				6F3433B71D32A52100BC495B /* TransformTween.swift in Sources */,
				6F4DEFDA1CEE581C00E464EB /* CGPath.swift in Sources */,
				6F4DEFD31CEBA20A00E464EB /* Bezier.swift in Sources */,
				6F567BC31CB1932200222006 /* Elastic.swift in Sources */,
				6F3433B21D32A52100BC495B /* Timer.swift in Sources */,
				6F3433B81D32A52100BC495B /* UTimeline.swift in Sources */,
				6F4DEFDE1CF3962F00E464EB /* UIBezierPath+Interpolation.m in Sources */,
				6F4DEFB21CE8CD3F00E464EB /* Linear.swift in Sources */,
				6F567BC21CB1932200222006 /* Ease.swift in Sources */,
				6F4DEFC71CEA5B9900E464EB /* Bounce.swift in Sources */,
				6F4DEFC61CEA5B9900E464EB /* Back.swift in Sources */,
				6F4DEFC81CEA5B9900E464EB /* Circ.swift in Sources */,
				6F3433B41D32A52100BC495B /* BezierPathTween.swift in Sources */,
				6F8A22FE1CB4477D0035D78A /* Tweenable.swift in Sources */,
				6F3433B11D32A52100BC495B /* Engine.swift in Sources */,
			);
			runOnlyForDeploymentPostprocessing = 0;
		};
/* End PBXSourcesBuildPhase section */

/* Begin XCBuildConfiguration section */
		6F4DEFBA1CEA597700E464EB /* Debug */ = {
			isa = XCBuildConfiguration;
			buildSettings = {
				CLANG_ENABLE_MODULES = YES;
				LD_RUNPATH_SEARCH_PATHS = "$(inherited) @executable_path/Frameworks @loader_path/Frameworks";
				PRODUCT_NAME = "$(TARGET_NAME)";
				SWIFT_OPTIMIZATION_LEVEL = "-Onone";
			};
			name = Debug;
		};
		6F4DEFBB1CEA597700E464EB /* Release */ = {
			isa = XCBuildConfiguration;
			buildSettings = {
				CLANG_ENABLE_MODULES = YES;
				LD_RUNPATH_SEARCH_PATHS = "$(inherited) @executable_path/Frameworks @loader_path/Frameworks";
				PRODUCT_NAME = "$(TARGET_NAME)";
			};
			name = Release;
		};
		6FAD4FE11C9DAD9800291A9D /* Debug */ = {
			isa = XCBuildConfiguration;
			buildSettings = {
				ALWAYS_SEARCH_USER_PATHS = NO;
				CLANG_CXX_LANGUAGE_STANDARD = "gnu++0x";
				CLANG_CXX_LIBRARY = "libc++";
				CLANG_ENABLE_MODULES = YES;
				CLANG_ENABLE_OBJC_ARC = YES;
				CLANG_WARN_BOOL_CONVERSION = YES;
				CLANG_WARN_CONSTANT_CONVERSION = YES;
				CLANG_WARN_DIRECT_OBJC_ISA_USAGE = YES_ERROR;
				CLANG_WARN_EMPTY_BODY = YES;
				CLANG_WARN_ENUM_CONVERSION = YES;
				CLANG_WARN_INT_CONVERSION = YES;
				CLANG_WARN_OBJC_ROOT_CLASS = YES_ERROR;
				CLANG_WARN_UNREACHABLE_CODE = YES;
				CLANG_WARN__DUPLICATE_METHOD_MATCH = YES;
				"CODE_SIGN_IDENTITY[sdk=iphoneos*]" = "iPhone Developer";
				COPY_PHASE_STRIP = NO;
				CURRENT_PROJECT_VERSION = 1;
				DEBUG_INFORMATION_FORMAT = dwarf;
				ENABLE_STRICT_OBJC_MSGSEND = YES;
				ENABLE_TESTABILITY = YES;
				GCC_C_LANGUAGE_STANDARD = gnu99;
				GCC_DYNAMIC_NO_PIC = NO;
				GCC_NO_COMMON_BLOCKS = YES;
				GCC_OPTIMIZATION_LEVEL = 0;
				GCC_PREPROCESSOR_DEFINITIONS = (
					"DEBUG=1",
					"$(inherited)",
				);
				GCC_WARN_64_TO_32_BIT_CONVERSION = YES;
				GCC_WARN_ABOUT_RETURN_TYPE = YES_ERROR;
				GCC_WARN_UNDECLARED_SELECTOR = YES;
				GCC_WARN_UNINITIALIZED_AUTOS = YES_AGGRESSIVE;
				GCC_WARN_UNUSED_FUNCTION = YES;
				GCC_WARN_UNUSED_VARIABLE = YES;
				IPHONEOS_DEPLOYMENT_TARGET = 8.0;
				MTL_ENABLE_DEBUG_INFO = YES;
				ONLY_ACTIVE_ARCH = YES;
				PUBLIC_HEADERS_FOLDER_PATH = "";
				SDKROOT = iphoneos;
				SWIFT_OBJC_BRIDGING_HEADER = "Ubergang-Bridging-Header.h";
				SWIFT_OPTIMIZATION_LEVEL = "-Onone";
				TARGETED_DEVICE_FAMILY = "1,2";
				VERSIONING_SYSTEM = "apple-generic";
				VERSION_INFO_PREFIX = "";
			};
			name = Debug;
		};
		6FAD4FE21C9DAD9800291A9D /* Release */ = {
			isa = XCBuildConfiguration;
			buildSettings = {
				ALWAYS_SEARCH_USER_PATHS = NO;
				CLANG_CXX_LANGUAGE_STANDARD = "gnu++0x";
				CLANG_CXX_LIBRARY = "libc++";
				CLANG_ENABLE_MODULES = YES;
				CLANG_ENABLE_OBJC_ARC = YES;
				CLANG_WARN_BOOL_CONVERSION = YES;
				CLANG_WARN_CONSTANT_CONVERSION = YES;
				CLANG_WARN_DIRECT_OBJC_ISA_USAGE = YES_ERROR;
				CLANG_WARN_EMPTY_BODY = YES;
				CLANG_WARN_ENUM_CONVERSION = YES;
				CLANG_WARN_INT_CONVERSION = YES;
				CLANG_WARN_OBJC_ROOT_CLASS = YES_ERROR;
				CLANG_WARN_UNREACHABLE_CODE = YES;
				CLANG_WARN__DUPLICATE_METHOD_MATCH = YES;
				"CODE_SIGN_IDENTITY[sdk=iphoneos*]" = "iPhone Developer";
				COPY_PHASE_STRIP = NO;
				CURRENT_PROJECT_VERSION = 1;
				DEBUG_INFORMATION_FORMAT = "dwarf-with-dsym";
				ENABLE_NS_ASSERTIONS = NO;
				ENABLE_STRICT_OBJC_MSGSEND = YES;
				GCC_C_LANGUAGE_STANDARD = gnu99;
				GCC_NO_COMMON_BLOCKS = YES;
				GCC_WARN_64_TO_32_BIT_CONVERSION = YES;
				GCC_WARN_ABOUT_RETURN_TYPE = YES_ERROR;
				GCC_WARN_UNDECLARED_SELECTOR = YES;
				GCC_WARN_UNINITIALIZED_AUTOS = YES_AGGRESSIVE;
				GCC_WARN_UNUSED_FUNCTION = YES;
				GCC_WARN_UNUSED_VARIABLE = YES;
				IPHONEOS_DEPLOYMENT_TARGET = 8.0;
				MTL_ENABLE_DEBUG_INFO = NO;
				PUBLIC_HEADERS_FOLDER_PATH = "";
				SDKROOT = iphoneos;
				SWIFT_OBJC_BRIDGING_HEADER = "Ubergang-Bridging-Header.h";
				TARGETED_DEVICE_FAMILY = "1,2";
				VALIDATE_PRODUCT = YES;
				VERSIONING_SYSTEM = "apple-generic";
				VERSION_INFO_PREFIX = "";
			};
			name = Release;
		};
		6FAD4FE41C9DAD9800291A9D /* Debug */ = {
			isa = XCBuildConfiguration;
			buildSettings = {
				CLANG_ENABLE_MODULES = YES;
				DEFINES_MODULE = YES;
				DYLIB_COMPATIBILITY_VERSION = 1;
				DYLIB_CURRENT_VERSION = 1;
				DYLIB_INSTALL_NAME_BASE = "@rpath";
				INFOPLIST_FILE = Ubergang/Info.plist;
				INSTALL_PATH = "$(LOCAL_LIBRARY_DIR)/Frameworks";
				LD_RUNPATH_SEARCH_PATHS = "$(inherited) @executable_path/Frameworks @loader_path/Frameworks";
				PRODUCT_BUNDLE_IDENTIFIER = com.robinfalko.mobile.Ubergang;
				PRODUCT_NAME = Ubergang;
				SKIP_INSTALL = YES;
				SWIFT_OPTIMIZATION_LEVEL = "-Onone";
				SWIFT_VERSION = 3.0;
			};
			name = Debug;
		};
		6FAD4FE51C9DAD9800291A9D /* Release */ = {
			isa = XCBuildConfiguration;
			buildSettings = {
				CLANG_ENABLE_MODULES = YES;
				DEFINES_MODULE = YES;
				DYLIB_COMPATIBILITY_VERSION = 1;
				DYLIB_CURRENT_VERSION = 1;
				DYLIB_INSTALL_NAME_BASE = "@rpath";
				INFOPLIST_FILE = Ubergang/Info.plist;
				INSTALL_PATH = "$(LOCAL_LIBRARY_DIR)/Frameworks";
				LD_RUNPATH_SEARCH_PATHS = "$(inherited) @executable_path/Frameworks @loader_path/Frameworks";
				PRODUCT_BUNDLE_IDENTIFIER = com.robinfalko.mobile.Ubergang;
				PRODUCT_NAME = Ubergang;
				SKIP_INSTALL = YES;
				SWIFT_VERSION = 3.0;
			};
			name = Release;
		};
/* End XCBuildConfiguration section */

/* Begin XCConfigurationList section */
		6F4DEFBC1CEA597700E464EB /* Build configuration list for PBXAggregateTarget "Ubergang-Universal" */ = {
			isa = XCConfigurationList;
			buildConfigurations = (
				6F4DEFBA1CEA597700E464EB /* Debug */,
				6F4DEFBB1CEA597700E464EB /* Release */,
			);
			defaultConfigurationIsVisible = 0;
			defaultConfigurationName = Release;
		};
		6FAD4FD51C9DAD9800291A9D /* Build configuration list for PBXProject "Ubergang" */ = {
			isa = XCConfigurationList;
			buildConfigurations = (
				6FAD4FE11C9DAD9800291A9D /* Debug */,
				6FAD4FE21C9DAD9800291A9D /* Release */,
			);
			defaultConfigurationIsVisible = 0;
			defaultConfigurationName = Release;
		};
		6FAD4FE31C9DAD9800291A9D /* Build configuration list for PBXNativeTarget "Ubergang" */ = {
			isa = XCConfigurationList;
			buildConfigurations = (
				6FAD4FE41C9DAD9800291A9D /* Debug */,
				6FAD4FE51C9DAD9800291A9D /* Release */,
			);
			defaultConfigurationIsVisible = 0;
			defaultConfigurationName = Release;
		};
/* End XCConfigurationList section */
	};
	rootObject = 6FAD4FD21C9DAD9800291A9D /* Project object */;
}
