PODS:
  - Ubergang (0.9.3)

DEPENDENCIES:
  - Ubergang (from `~/Workspace/mobile/Ubergang`)

EXTERNAL SOURCES:
  Ubergang:
    :path: ~/Workspace/mobile/Ubergang

SPEC CHECKSUMS:
  Ubergang: 71981a79f31a11e5929000ac5ade3e017ba1de2c

PODFILE CHECKSUM: a4813e0571cecefc85da44ac907f3671cb5a750d

COCOAPODS: 1.1.1
