PODS:
  - Ubergang (0.9.3)

DEPENDENCIES:
  - Ubergang (from `~/Workspace/mobile/Ubergang`)

EXTERNAL SOURCES:
  Ubergang:
    :path: ~/Workspace/mobile/Ubergang

SPEC CHECKSUMS:
  Ubergang: 71981a79f31a11e5929000ac5ade3e017ba1de2c

PODFILE CHECKSUM: 27b9c10e10c56d9f65d641221194da19fa2ee7e9

COCOAPODS: 1.2.1
